Microsoft Visual Studio Solution File, Format Version 10.00
# Visual Studio 2008
Project("{8BC9CEB8-8B4A-11D0-8D11-00A0C91BC942}") = "Game Main", "Game Main\Game Main.vcproj", "{0B9911F1-259D-4726-BE25-BC8BAB1099A3}"
	ProjectSection(ProjectDependencies) = postProject
		{487F2001-4306-44DC-A1EB-D04B65B543EE} = {487F2001-4306-44DC-A1EB-D04B65B543EE}
		{397E3241-CF93-4010-AEE6-CAA98D606045} = {397E3241-CF93-4010-AEE6-CAA98D606045}
		{9068408B-BD7E-493C-80FB-17218248236B} = {9068408B-BD7E-493C-80FB-17218248236B}
		{725931A0-8B4E-4CE4-92F2-83917B26D6C5} = {725931A0-8B4E-4CE4-92F2-83917B26D6C5}
		{CCE71CE9-6DCB-41CB-BA97-AD4AA775C125} = {CCE71CE9-6DCB-41CB-BA97-AD4AA775C125}
	EndProjectSection
EndProject
Project("{8BC9CEB8-8B4A-11D0-8D11-00A0C91BC942}") = "Engine Main", "..\Engine Main\Engine Main.vcproj", "{CCE71CE9-6DCB-41CB-BA97-AD4AA775C125}"
	ProjectSection(ProjectDependencies) = postProject
		{397E3241-CF93-4010-AEE6-CAA98D606045} = {397E3241-CF93-4010-AEE6-CAA98D606045}
		{9068408B-BD7E-493C-80FB-17218248236B} = {9068408B-BD7E-493C-80FB-17218248236B}
		{725931A0-8B4E-4CE4-92F2-83917B26D6C5} = {725931A0-8B4E-4CE4-92F2-83917B26D6C5}
	EndProjectSection
EndProject
Project("{8BC9CEB8-8B4A-11D0-8D11-00A0C91BC942}") = "Game", "..\Game\Game.vcproj", "{487F2001-4306-44DC-A1EB-D04B65B543EE}"
	ProjectSection(ProjectDependencies) = postProject
		{397E3241-CF93-4010-AEE6-CAA98D606045} = {397E3241-CF93-4010-AEE6-CAA98D606045}
		{9068408B-BD7E-493C-80FB-17218248236B} = {9068408B-BD7E-493C-80FB-17218248236B}
		{725931A0-8B4E-4CE4-92F2-83917B26D6C5} = {725931A0-8B4E-4CE4-92F2-83917B26D6C5}
		{CCE71CE9-6DCB-41CB-BA97-AD4AA775C125} = {CCE71CE9-6DCB-41CB-BA97-AD4AA775C125}
	EndProjectSection
EndProject
Project("{8BC9CEB8-8B4A-11D0-8D11-00A0C91BC942}") = "Engine_Library", "..\Engine_Library\Engine_Library.vcproj", "{725931A0-8B4E-4CE4-92F2-83917B26D6C5}"
	ProjectSection(ProjectDependencies) = postProject
		{9068408B-BD7E-493C-80FB-17218248236B} = {9068408B-BD7E-493C-80FB-17218248236B}
	EndProjectSection
EndProject
Project("{8BC9CEB8-8B4A-11D0-8D11-00A0C91BC942}") = "Engine_Utility", "..\Engine_Utility\Engine_Utility.vcproj", "{397E3241-CF93-4010-AEE6-CAA98D606045}"
	ProjectSection(ProjectDependencies) = postProject
		{9068408B-BD7E-493C-80FB-17218248236B} = {9068408B-BD7E-493C-80FB-17218248236B}
		{725931A0-8B4E-4CE4-92F2-83917B26D6C5} = {725931A0-8B4E-4CE4-92F2-83917B26D6C5}
	EndProjectSection
EndProject
Project("{8BC9CEB8-8B4A-11D0-8D11-00A0C91BC942}") = "Engine_Interface", "..\Engine_Interface\Engine_Interface.vcproj", "{9068408B-BD7E-493C-80FB-17218248236B}"
EndProject
Global
	GlobalSection(SolutionConfigurationPlatforms) = preSolution
		Debug|Win32 = Debug|Win32
		Release|Win32 = Release|Win32
	EndGlobalSection
	GlobalSection(ProjectConfigurationPlatforms) = postSolution
		{0B9911F1-259D-4726-BE25-BC8BAB1099A3}.Debug|Win32.ActiveCfg = Debug|Win32
		{0B9911F1-259D-4726-BE25-BC8BAB1099A3}.Debug|Win32.Build.0 = Debug|Win32
		{0B9911F1-259D-4726-BE25-BC8BAB1099A3}.Release|Win32.ActiveCfg = Release|Win32
		{0B9911F1-259D-4726-BE25-BC8BAB1099A3}.Release|Win32.Build.0 = Release|Win32
		{CCE71CE9-6DCB-41CB-BA97-AD4AA775C125}.Debug|Win32.ActiveCfg = Debug|Win32
		{CCE71CE9-6DCB-41CB-BA97-AD4AA775C125}.Debug|Win32.Build.0 = Debug|Win32
		{CCE71CE9-6DCB-41CB-BA97-AD4AA775C125}.Release|Win32.ActiveCfg = Release|Win32
		{CCE71CE9-6DCB-41CB-BA97-AD4AA775C125}.Release|Win32.Build.0 = Release|Win32
		{487F2001-4306-44DC-A1EB-D04B65B543EE}.Debug|Win32.ActiveCfg = Debug|Win32
		{487F2001-4306-44DC-A1EB-D04B65B543EE}.Debug|Win32.Build.0 = Debug|Win32
		{487F2001-4306-44DC-A1EB-D04B65B543EE}.Release|Win32.ActiveCfg = Release|Win32
		{487F2001-4306-44DC-A1EB-D04B65B543EE}.Release|Win32.Build.0 = Release|Win32
		{725931A0-8B4E-4CE4-92F2-83917B26D6C5}.Debug|Win32.ActiveCfg = Debug|Win32
		{725931A0-8B4E-4CE4-92F2-83917B26D6C5}.Debug|Win32.Build.0 = Debug|Win32
		{725931A0-8B4E-4CE4-92F2-83917B26D6C5}.Release|Win32.ActiveCfg = Release|Win32
		{725931A0-8B4E-4CE4-92F2-83917B26D6C5}.Release|Win32.Build.0 = Release|Win32
		{397E3241-CF93-4010-AEE6-CAA98D606045}.Debug|Win32.ActiveCfg = Debug|Win32
		{397E3241-CF93-4010-AEE6-CAA98D606045}.Debug|Win32.Build.0 = Debug|Win32
		{397E3241-CF93-4010-AEE6-CAA98D606045}.Release|Win32.ActiveCfg = Release|Win32
		{397E3241-CF93-4010-AEE6-CAA98D606045}.Release|Win32.Build.0 = Release|Win32
		{9068408B-BD7E-493C-80FB-17218248236B}.Debug|Win32.ActiveCfg = Debug|Win32
		{9068408B-BD7E-493C-80FB-17218248236B}.Debug|Win32.Build.0 = Debug|Win32
		{9068408B-BD7E-493C-80FB-17218248236B}.Release|Win32.ActiveCfg = Release|Win32
		{9068408B-BD7E-493C-80FB-17218248236B}.Release|Win32.Build.0 = Release|Win32
	EndGlobalSection
	GlobalSection(SolutionProperties) = preSolution
		HideSolutionNode = FALSE
	EndGlobalSection
EndGlobal
